
Microsoft Visual Studio Solution File, Format Version 12.00
# Visual Studio 2012
Project("{8BC9CEB8-8B4A-11D0-8D11-00A0C91BC942}") = "IEEE Tutorial 1", "IEEE Tutorial 1\IEEE Tutorial 1.vcxproj", "{16FD0A0F-2C26-4BBC-8840-EFD818B760BF}"
EndProject
Global
	GlobalSection(SolutionConfigurationPlatforms) = preSolution
		Debug|Win32 = Debug|Win32
		Release|Win32 = Release|Win32
	EndGlobalSection
	GlobalSection(ProjectConfigurationPlatforms) = postSolution
		{16FD0A0F-2C26-4BBC-8840-EFD818B760BF}.Debug|Win32.ActiveCfg = Debug|Win32
		{16FD0A0F-2C26-4BBC-8840-EFD818B760BF}.Debug|Win32.Build.0 = Debug|Win32
		{16FD0A0F-2C26-4BBC-8840-EFD818B760BF}.Release|Win32.ActiveCfg = Release|Win32
		{16FD0A0F-2C26-4BBC-8840-EFD818B760BF}.Release|Win32.Build.0 = Release|Win32
	EndGlobalSection
	GlobalSection(SolutionProperties) = preSolution
		HideSolutionNode = FALSE
	EndGlobalSection
EndGlobal
